{
  "nodes": {
    "disko": {
      "inputs": {
        "nixpkgs": [
          "nixpkgs"
        ]
      },
      "locked": {
        "lastModified": 1789770686,
        "narHash": "sha256-uZkBR7yHdIKUFB5SZdfgh1qkGfI3XmYmI/lTiquxbck=",
        "owner": "nix-community",
        "repo": "disko",
        "rev": "725ea35e410ad83be4931d1bff7e090eacaf3563",
        "type": "github"
      },
      "original": {
        "owner": "nix-community",
        "repo": "disko",
        "type": "github"
      }
    },
    "flake-parts": {
      "inputs": {
        "nixpkgs-lib": "nixpkgs-lib"
      },
      "locked": {
        "lastModified": 1749398372,
        "narHash": "sha256-tYBdgS56eXYaWVW3fsnPQ/nFlgWi/Z2Ymhyu21zVM98=",
        "owner": "hercules-ci",
        "repo": "flake-parts",
        "rev": "9305fe4e5c2a6fcf5ba6a3ff155720fbe4076569",
        "type": "github"
      },
      "original": {
        "owner": "hercules-ci",
        "repo": "flake-parts",
        "type": "github"
      }
    },
    "helium": {
      "inputs": {
        "nixpkgs": [
          "nixpkgs"
        ]
      },
      "locked": {
        "lastModified": 1790071354,
        "narHash": "sha256-iW1XhiEqsDLj/UCjf/EC2lMISjVLEeGYzzPFnEDBkVc=",
        "owner": "amaanq",
        "repo": "helium-flake",
        "rev": "47bb1d93a78eb46ae8b5f044e1acf074173324a6",
        "type": "github"
      },
      "original": {
        "owner": "amaanq",
        "repo": "helium-flake",
        "type": "github"
      }
    },
    "mangowm": {
      "inputs": {
        "flake-parts": "flake-parts",
        "nixpkgs": [
          "nixpkgs"
        ],
        "scenefx": "scenefx"
      },
      "locked": {
        "lastModified": 1783315258,
        "narHash": "sha256-07Tmtkw3MP0M6VxwpP3pFSPW4wwTyaQsFVP8I8Gv40A=",
        "owner": "mangowm",
        "repo": "mango",
        "rev": "9d4f4fd46baa096e20e2cb98e629fde10fd7be38",
        "type": "github"
      },
      "original": {
        "owner": "mangowm",
        "repo": "mango",
        "rev": "9d4f4fd46baa096e20e2cb98e629fde10fd7be38",
        "type": "github"
      }
    },
    "nixpkgs": {
      "locked": {
        "lastModified": 1790046670,
        "narHash": "sha256-MYiI+CzL0tuWgRPjGsKCDHqYs2T3OzMlMQWOYWG0qso=",
        "owner": "NixOS",
        "repo": "nixpkgs",
        "rev": "6774f7bc253789b113a4f39285dc0fa100abeacc",
        "type": "github"
      },
      "original": {
        "owner": "NixOS",
        "ref": "nixos-unstable",
        "repo": "nixpkgs",
        "type": "github"
      }
    },
    "nixpkgs-lib": {
      "locked": {
        "lastModified": 1748740939,
        "narHash": "sha256-rQaysilft1aVMwF14xIdGS3sj1yHlI6oKQNBRTF40cc=",
        "owner": "nix-community",
        "repo": "nixpkgs.lib",
        "rev": "656a64127e9d791a334452c6b6606d17539476e2",
        "type": "github"
      },
      "original": {
        "owner": "nix-community",
        "repo": "nixpkgs.lib",
        "type": "github"
      }
    },
    "qmljsfmt": {
      "inputs": {
        "nixpkgs": [
          "nixpkgs"
        ]
      },
      "locked": {
        "lastModified": 1790177247,
        "narHash": "sha256-fXIr11ds4FB9tlJLzj8Ar1Ekw7EoON3dyq4vK8C1mRU=",
        "owner": "myuwi",
        "repo": "qmljsfmt",
        "rev": "7855255f0c5d24a9b1419cb199385a1e5814b161",
        "type": "github"
      },
      "original": {
        "owner": "myuwi",
        "repo": "qmljsfmt",
        "type": "github"
      }
    },
    "root": {
      "inputs": {
        "disko": "disko",
        "helium": "helium",
        "mangowm": "mangowm",
        "nixpkgs": "nixpkgs",
        "qmljsfmt": "qmljsfmt",
        "vencord-plugins": "vencord-plugins"
      }
    },
    "scenefx": {
      "inputs": {
        "nixpkgs": [
          "mangowm",
          "nixpkgs"
        ]
      },
      "locked": {
        "lastModified": 1750785057,
        "narHash": "sha256-tGX6j4W91rcb+glXJo43sjPI9zQvPotonknG1BdihR4=",
        "owner": "wlrfx",
        "repo": "scenefx",
        "rev": "3a6cfb12e4ba97b43326357d14f7b3e40897adfc",
        "type": "github"
      },
      "original": {
        "owner": "wlrfx",
        "repo": "scenefx",
        "type": "github"
      }
    },
    "vencord-plugins": {
      "inputs": {
        "nixpkgs": [
          "nixpkgs"
        ]
      },
      "locked": {
        "lastModified": 1789921563,
        "narHash": "sha256-8OPwSoyXmU+yVvC3gBTiseRAeiPHLMsPHWtfgY3BKXU=",
        "owner": "myuwi",
        "repo": "vencord-plugins",
        "rev": "35350155aeee6dbd650cc145ee598a5cadcf7019",
        "type": "github"
      },
      "original": {
        "owner": "myuwi",
        "repo": "vencord-plugins",
        "type": "github"
      }
    }
  },
  "root": "root",
  "version": 7
}
